
Microsoft Visual Studio Solution File, Format Version 12.00
# Visual Studio Version 17
VisualStudioVersion = 17.5.33516.290
MinimumVisualStudioVersion = 10.0.40219.1
Project("{FAE04EC0-301F-11D3-BF4B-00C04F79EFBC}") = "Ecommerce Application", "Ecommerce Application\Ecommerce Application.csproj", "{BCEE2A91-6691-4934-A6BD-5CC3AD1115EE}"
EndProject
Global
	GlobalSection(SolutionConfigurationPlatforms) = preSolution
		Debug|Any CPU = Debug|Any CPU
		Release|Any CPU = Release|Any CPU
	EndGlobalSection
	GlobalSection(ProjectConfigurationPlatforms) = postSolution
		{BCEE2A91-6691-4934-A6BD-5CC3AD1115EE}.Debug|Any CPU.ActiveCfg = Debug|Any CPU
		{BCEE2A91-6691-4934-A6BD-5CC3AD1115EE}.Debug|Any CPU.Build.0 = Debug|Any CPU
		{BCEE2A91-6691-4934-A6BD-5CC3AD1115EE}.Release|Any CPU.ActiveCfg = Release|Any CPU
		{BCEE2A91-6691-4934-A6BD-5CC3AD1115EE}.Release|Any CPU.Build.0 = Release|Any CPU
	EndGlobalSection
	GlobalSection(SolutionProperties) = preSolution
		HideSolutionNode = FALSE
	EndGlobalSection
	GlobalSection(ExtensibilityGlobals) = postSolution
		SolutionGuid = {5A95E15C-B5C6-4198-9169-F66CC0F22349}
	EndGlobalSection
EndGlobal
